
Microsoft Visual Studio Solution File, Format Version 12.00
Project("{FAE04EC0-301F-11D3-BF4B-00C04F79EFBC}") = "Accommodations", "Accommodations\Accommodations.csproj", "{8DCE5FA7-05A0-41C4-BD1B-1316ED6C9F67}"
EndProject
Global
	GlobalSection(SolutionConfigurationPlatforms) = preSolution
		Debug|Any CPU = Debug|Any CPU
		Release|Any CPU = Release|Any CPU
	EndGlobalSection
	GlobalSection(ProjectConfigurationPlatforms) = postSolution
		{8DCE5FA7-05A0-41C4-BD1B-1316ED6C9F67}.Debug|Any CPU.ActiveCfg = Debug|Any CPU
		{8DCE5FA7-05A0-41C4-BD1B-1316ED6C9F67}.Debug|Any CPU.Build.0 = Debug|Any CPU
		{8DCE5FA7-05A0-41C4-BD1B-1316ED6C9F67}.Release|Any CPU.ActiveCfg = Release|Any CPU
		{8DCE5FA7-05A0-41C4-BD1B-1316ED6C9F67}.Release|Any CPU.Build.0 = Release|Any CPU
	EndGlobalSection
EndGlobal
